// !$*UTF8*$!
{
	archiveVersion = 1;
	classes = {
	};
	objectVersion = 51;
	objects = {

/* Begin PBXBuildFile section */
		42D85A2C4B6045B052044482 /* Pods_Instagram.framework in Frameworks */ = {isa = PBXBuildFile; fileRef = 0541150261D8590A1F61133A /* Pods_Instagram.framework */; };
		904C4F1925FCCE1F001DFABA /* Const.swift in Sources */ = {isa = PBXBuildFile; fileRef = 904C4F1825FCCE1F001DFABA /* Const.swift */; };
		904C4F1D25FCD533001DFABA /* PostData.swift in Sources */ = {isa = PBXBuildFile; fileRef = 904C4F1C25FCD533001DFABA /* PostData.swift */; };
		9075949825F276AD0006FD6D /* GoogleService-Info.plist in Resources */ = {isa = PBXBuildFile; fileRef = 9075949725F276AD0006FD6D /* GoogleService-Info.plist */; };
		90807D6525F116F3004D00BA /* AppDelegate.swift in Sources */ = {isa = PBXBuildFile; fileRef = 90807D6425F116F3004D00BA /* AppDelegate.swift */; };
		90807D6725F116F3004D00BA /* SceneDelegate.swift in Sources */ = {isa = PBXBuildFile; fileRef = 90807D6625F116F3004D00BA /* SceneDelegate.swift */; };
		90807D6C25F116F3004D00BA /* Main.storyboard in Resources */ = {isa = PBXBuildFile; fileRef = 90807D6A25F116F3004D00BA /* Main.storyboard */; };
		90807D6E25F116FA004D00BA /* Assets.xcassets in Resources */ = {isa = PBXBuildFile; fileRef = 90807D6D25F116FA004D00BA /* Assets.xcassets */; };
		90807D7125F116FA004D00BA /* LaunchScreen.storyboard in Resources */ = {isa = PBXBuildFile; fileRef = 90807D6F25F116FA004D00BA /* LaunchScreen.storyboard */; };
		90807D8A25F11C19004D00BA /* LoginViewController.swift in Sources */ = {isa = PBXBuildFile; fileRef = 90807D8925F11C19004D00BA /* LoginViewController.swift */; };
		90807D8E25F11CA7004D00BA /* SettingViewController.swift in Sources */ = {isa = PBXBuildFile; fileRef = 90807D8D25F11CA7004D00BA /* SettingViewController.swift */; };
		90807D9125F11CE0004D00BA /* PostViewController.swift in Sources */ = {isa = PBXBuildFile; fileRef = 90807D9025F11CE0004D00BA /* PostViewController.swift */; };
		90807D9825F11D36004D00BA /* ImageSelectViewController.swift in Sources */ = {isa = PBXBuildFile; fileRef = 90807D9725F11D36004D00BA /* ImageSelectViewController.swift */; };
		90807D9B25F11D57004D00BA /* HomeViewController.swift in Sources */ = {isa = PBXBuildFile; fileRef = 90807D9A25F11D57004D00BA /* HomeViewController.swift */; };
		909F4A79260579AB00C62907 /* commentViewController.swift in Sources */ = {isa = PBXBuildFile; fileRef = 909F4A78260579AA00C62907 /* commentViewController.swift */; };
		909F4A7E2607397D00C62907 /* PostTableViewCell.swift in Sources */ = {isa = PBXBuildFile; fileRef = 909F4A7C2607397D00C62907 /* PostTableViewCell.swift */; };
		909F4A7F2607397D00C62907 /* PostTableViewCell.xib in Resources */ = {isa = PBXBuildFile; fileRef = 909F4A7D2607397D00C62907 /* PostTableViewCell.xib */; };
		90CC80AB25F4FC37004550C5 /* TabBarController.swift in Sources */ = {isa = PBXBuildFile; fileRef = 90CC80AA25F4FC37004550C5 /* TabBarController.swift */; };
/* End PBXBuildFile section */

/* Begin PBXFileReference section */
		0541150261D8590A1F61133A /* Pods_Instagram.framework */ = {isa = PBXFileReference; explicitFileType = wrapper.framework; includeInIndex = 0; path = Pods_Instagram.framework; sourceTree = BUILT_PRODUCTS_DIR; };
		4B889918D9692ED130605910 /* Pods-Instagram.release.xcconfig */ = {isa = PBXFileReference; includeInIndex = 1; lastKnownFileType = text.xcconfig; name = "Pods-Instagram.release.xcconfig"; path = "Target Support Files/Pods-Instagram/Pods-Instagram.release.xcconfig"; sourceTree = "<group>"; };
		5F638656F4AE2E44AA231066 /* Pods-Instagram.debug.xcconfig */ = {isa = PBXFileReference; includeInIndex = 1; lastKnownFileType = text.xcconfig; name = "Pods-Instagram.debug.xcconfig"; path = "Target Support Files/Pods-Instagram/Pods-Instagram.debug.xcconfig"; sourceTree = "<group>"; };
		904C4F1825FCCE1F001DFABA /* Const.swift */ = {isa = PBXFileReference; lastKnownFileType = sourcecode.swift; path = Const.swift; sourceTree = "<group>"; };
		904C4F1C25FCD533001DFABA /* PostData.swift */ = {isa = PBXFileReference; lastKnownFileType = sourcecode.swift; path = PostData.swift; sourceTree = "<group>"; };
		9075949725F276AD0006FD6D /* GoogleService-Info.plist */ = {isa = PBXFileReference; fileEncoding = 4; lastKnownFileType = text.plist.xml; path = "GoogleService-Info.plist"; sourceTree = "<group>"; };
		90807D6125F116F3004D00BA /* Instagram.app */ = {isa = PBXFileReference; explicitFileType = wrapper.application; includeInIndex = 0; path = Instagram.app; sourceTree = BUILT_PRODUCTS_DIR; };
		90807D6425F116F3004D00BA /* AppDelegate.swift */ = {isa = PBXFileReference; lastKnownFileType = sourcecode.swift; path = AppDelegate.swift; sourceTree = "<group>"; };
		90807D6625F116F3004D00BA /* SceneDelegate.swift */ = {isa = PBXFileReference; lastKnownFileType = sourcecode.swift; path = SceneDelegate.swift; sourceTree = "<group>"; };
		90807D6B25F116F3004D00BA /* Base */ = {isa = PBXFileReference; lastKnownFileType = file.storyboard; name = Base; path = Base.lproj/Main.storyboard; sourceTree = "<group>"; };
		90807D6D25F116FA004D00BA /* Assets.xcassets */ = {isa = PBXFileReference; lastKnownFileType = folder.assetcatalog; path = Assets.xcassets; sourceTree = "<group>"; };
		90807D7025F116FA004D00BA /* Base */ = {isa = PBXFileReference; lastKnownFileType = file.storyboard; name = Base; path = Base.lproj/LaunchScreen.storyboard; sourceTree = "<group>"; };
		90807D7225F116FA004D00BA /* Info.plist */ = {isa = PBXFileReference; lastKnownFileType = text.plist.xml; path = Info.plist; sourceTree = "<group>"; };
		90807D8925F11C19004D00BA /* LoginViewController.swift */ = {isa = PBXFileReference; lastKnownFileType = sourcecode.swift; path = LoginViewController.swift; sourceTree = "<group>"; };
		90807D8D25F11CA7004D00BA /* SettingViewController.swift */ = {isa = PBXFileReference; lastKnownFileType = sourcecode.swift; path = SettingViewController.swift; sourceTree = "<group>"; };
		90807D9025F11CE0004D00BA /* PostViewController.swift */ = {isa = PBXFileReference; lastKnownFileType = sourcecode.swift; path = PostViewController.swift; sourceTree = "<group>"; };
		90807D9725F11D36004D00BA /* ImageSelectViewController.swift */ = {isa = PBXFileReference; lastKnownFileType = sourcecode.swift; path = ImageSelectViewController.swift; sourceTree = "<group>"; };
		90807D9A25F11D57004D00BA /* HomeViewController.swift */ = {isa = PBXFileReference; lastKnownFileType = sourcecode.swift; path = HomeViewController.swift; sourceTree = "<group>"; };
		909F4A78260579AA00C62907 /* commentViewController.swift */ = {isa = PBXFileReference; lastKnownFileType = sourcecode.swift; path = commentViewController.swift; sourceTree = "<group>"; };
		909F4A7C2607397D00C62907 /* PostTableViewCell.swift */ = {isa = PBXFileReference; lastKnownFileType = sourcecode.swift; path = PostTableViewCell.swift; sourceTree = "<group>"; };
		909F4A7D2607397D00C62907 /* PostTableViewCell.xib */ = {isa = PBXFileReference; lastKnownFileType = file.xib; path = PostTableViewCell.xib; sourceTree = "<group>"; };
		90CC80AA25F4FC37004550C5 /* TabBarController.swift */ = {isa = PBXFileReference; lastKnownFileType = sourcecode.swift; path = TabBarController.swift; sourceTree = "<group>"; };
/* End PBXFileReference section */

/* Begin PBXFrameworksBuildPhase section */
		90807D5E25F116F3004D00BA /* Frameworks */ = {
			isa = PBXFrameworksBuildPhase;
			buildActionMask = 2147483647;
			files = (
				42D85A2C4B6045B052044482 /* Pods_Instagram.framework in Frameworks */,
			);
			runOnlyForDeploymentPostprocessing = 0;
		};
/* End PBXFrameworksBuildPhase section */

/* Begin PBXGroup section */
		15E10A58F63A939AFCBCCF25 /* Frameworks */ = {
			isa = PBXGroup;
			children = (
				0541150261D8590A1F61133A /* Pods_Instagram.framework */,
			);
			name = Frameworks;
			sourceTree = "<group>";
		};
		7D81D2EA3F60AB0FD059BBE9 /* Pods */ = {
			isa = PBXGroup;
			children = (
				5F638656F4AE2E44AA231066 /* Pods-Instagram.debug.xcconfig */,
				4B889918D9692ED130605910 /* Pods-Instagram.release.xcconfig */,
			);
			path = Pods;
			sourceTree = "<group>";
		};
		90807D5825F116F3004D00BA = {
			isa = PBXGroup;
			children = (
				90807D6325F116F3004D00BA /* Instagram */,
				90807D6225F116F3004D00BA /* Products */,
				7D81D2EA3F60AB0FD059BBE9 /* Pods */,
				15E10A58F63A939AFCBCCF25 /* Frameworks */,
			);
			sourceTree = "<group>";
		};
		90807D6225F116F3004D00BA /* Products */ = {
			isa = PBXGroup;
			children = (
				90807D6125F116F3004D00BA /* Instagram.app */,
			);
			name = Products;
			sourceTree = "<group>";
		};
		90807D6325F116F3004D00BA /* Instagram */ = {
			isa = PBXGroup;
			children = (
				904C4F1825FCCE1F001DFABA /* Const.swift */,
				90807D6425F116F3004D00BA /* AppDelegate.swift */,
				90807D6625F116F3004D00BA /* SceneDelegate.swift */,
				90807D8D25F11CA7004D00BA /* SettingViewController.swift */,
				90807D9725F11D36004D00BA /* ImageSelectViewController.swift */,
				90807D9A25F11D57004D00BA /* HomeViewController.swift */,
				90807D9025F11CE0004D00BA /* PostViewController.swift */,
				90807D8925F11C19004D00BA /* LoginViewController.swift */,
				90CC80AA25F4FC37004550C5 /* TabBarController.swift */,
				90807D6A25F116F3004D00BA /* Main.storyboard */,
				909F4A78260579AA00C62907 /* commentViewController.swift */,
				90807D6D25F116FA004D00BA /* Assets.xcassets */,
				90807D6F25F116FA004D00BA /* LaunchScreen.storyboard */,
				90807D7225F116FA004D00BA /* Info.plist */,
				9075949725F276AD0006FD6D /* GoogleService-Info.plist */,
				904C4F1C25FCD533001DFABA /* PostData.swift */,
				909F4A7C2607397D00C62907 /* PostTableViewCell.swift */,
				909F4A7D2607397D00C62907 /* PostTableViewCell.xib */,
			);
			path = Instagram;
			sourceTree = "<group>";
		};
/* End PBXGroup section */

/* Begin PBXNativeTarget section */
		90807D6025F116F3004D00BA /* Instagram */ = {
			isa = PBXNativeTarget;
			buildConfigurationList = 90807D7525F116FA004D00BA /* Build configuration list for PBXNativeTarget "Instagram" */;
			buildPhases = (
				7A7880E576AB93988DA9F827 /* [CP] Check Pods Manifest.lock */,
				90807D5D25F116F3004D00BA /* Sources */,
				90807D5E25F116F3004D00BA /* Frameworks */,
				90807D5F25F116F3004D00BA /* Resources */,
				FD7324141D1B227888657A78 /* [CP] Embed Pods Frameworks */,
			);
			buildRules = (
			);
			dependencies = (
			);
			name = Instagram;
			productName = Instagram;
			productReference = 90807D6125F116F3004D00BA /* Instagram.app */;
			productType = "com.apple.product-type.application";
		};
/* End PBXNativeTarget section */

/* Begin PBXProject section */
		90807D5925F116F3004D00BA /* Project object */ = {
			isa = PBXProject;
			attributes = {
				LastSwiftUpdateCheck = 1220;
				LastUpgradeCheck = 1220;
				TargetAttributes = {
					90807D6025F116F3004D00BA = {
						CreatedOnToolsVersion = 12.2;
					};
				};
			};
			buildConfigurationList = 90807D5C25F116F3004D00BA /* Build configuration list for PBXProject "Instagram" */;
			compatibilityVersion = "Xcode 9.3";
			developmentRegion = en;
			hasScannedForEncodings = 0;
			knownRegions = (
				en,
				Base,
			);
			mainGroup = 90807D5825F116F3004D00BA;
			productRefGroup = 90807D6225F116F3004D00BA /* Products */;
			projectDirPath = "";
			projectRoot = "";
			targets = (
				90807D6025F116F3004D00BA /* Instagram */,
			);
		};
/* End PBXProject section */

/* Begin PBXResourcesBuildPhase section */
		90807D5F25F116F3004D00BA /* Resources */ = {
			isa = PBXResourcesBuildPhase;
			buildActionMask = 2147483647;
			files = (
				90807D7125F116FA004D00BA /* LaunchScreen.storyboard in Resources */,
				909F4A7F2607397D00C62907 /* PostTableViewCell.xib in Resources */,
				9075949825F276AD0006FD6D /* GoogleService-Info.plist in Resources */,
				90807D6E25F116FA004D00BA /* Assets.xcassets in Resources */,
				90807D6C25F116F3004D00BA /* Main.storyboard in Resources */,
			);
			runOnlyForDeploymentPostprocessing = 0;
		};
/* End PBXResourcesBuildPhase section */

/* Begin PBXShellScriptBuildPhase section */
		7A7880E576AB93988DA9F827 /* [CP] Check Pods Manifest.lock */ = {
			isa = PBXShellScriptBuildPhase;
			buildActionMask = 2147483647;
			files = (
			);
			inputFileListPaths = (
			);
			inputPaths = (
				"${PODS_PODFILE_DIR_PATH}/Podfile.lock",
				"${PODS_ROOT}/Manifest.lock",
			);
			name = "[CP] Check Pods Manifest.lock";
			outputFileListPaths = (
			);
			outputPaths = (
				"$(DERIVED_FILE_DIR)/Pods-Instagram-checkManifestLockResult.txt",
			);
			runOnlyForDeploymentPostprocessing = 0;
			shellPath = /bin/sh;
			shellScript = "diff \"${PODS_PODFILE_DIR_PATH}/Podfile.lock\" \"${PODS_ROOT}/Manifest.lock\" > /dev/null\nif [ $? != 0 ] ; then\n    # print error to STDERR\n    echo \"error: The sandbox is not in sync with the Podfile.lock. Run 'pod install' or update your CocoaPods installation.\" >&2\n    exit 1\nfi\n# This output is used by Xcode 'outputs' to avoid re-running this script phase.\necho \"SUCCESS\" > \"${SCRIPT_OUTPUT_FILE_0}\"\n";
			showEnvVarsInLog = 0;
		};
		FD7324141D1B227888657A78 /* [CP] Embed Pods Frameworks */ = {
			isa = PBXShellScriptBuildPhase;
			buildActionMask = 2147483647;
			files = (
			);
			inputFileListPaths = (
				"${PODS_ROOT}/Target Support Files/Pods-Instagram/Pods-Instagram-frameworks-${CONFIGURATION}-input-files.xcfilelist",
			);
			name = "[CP] Embed Pods Frameworks";
			outputFileListPaths = (
				"${PODS_ROOT}/Target Support Files/Pods-Instagram/Pods-Instagram-frameworks-${CONFIGURATION}-output-files.xcfilelist",
			);
			runOnlyForDeploymentPostprocessing = 0;
			shellPath = /bin/sh;
			shellScript = "\"${PODS_ROOT}/Target Support Files/Pods-Instagram/Pods-Instagram-frameworks.sh\"\n";
			showEnvVarsInLog = 0;
		};
/* End PBXShellScriptBuildPhase section */

/* Begin PBXSourcesBuildPhase section */
		90807D5D25F116F3004D00BA /* Sources */ = {
			isa = PBXSourcesBuildPhase;
			buildActionMask = 2147483647;
			files = (
				90807D9125F11CE0004D00BA /* PostViewController.swift in Sources */,
				90CC80AB25F4FC37004550C5 /* TabBarController.swift in Sources */,
				90807D8E25F11CA7004D00BA /* SettingViewController.swift in Sources */,
				90807D8A25F11C19004D00BA /* LoginViewController.swift in Sources */,
				909F4A79260579AB00C62907 /* commentViewController.swift in Sources */,
				90807D9B25F11D57004D00BA /* HomeViewController.swift in Sources */,
				904C4F1D25FCD533001DFABA /* PostData.swift in Sources */,
				90807D9825F11D36004D00BA /* ImageSelectViewController.swift in Sources */,
				90807D6525F116F3004D00BA /* AppDelegate.swift in Sources */,
				90807D6725F116F3004D00BA /* SceneDelegate.swift in Sources */,
				904C4F1925FCCE1F001DFABA /* Const.swift in Sources */,
				909F4A7E2607397D00C62907 /* PostTableViewCell.swift in Sources */,
			);
			runOnlyForDeploymentPostprocessing = 0;
		};
/* End PBXSourcesBuildPhase section */

/* Begin PBXVariantGroup section */
		90807D6A25F116F3004D00BA /* Main.storyboard */ = {
			isa = PBXVariantGroup;
			children = (
				90807D6B25F116F3004D00BA /* Base */,
			);
			name = Main.storyboard;
			sourceTree = "<group>";
		};
		90807D6F25F116FA004D00BA /* LaunchScreen.storyboard */ = {
			isa = PBXVariantGroup;
			children = (
				90807D7025F116FA004D00BA /* Base */,
			);
			name = LaunchScreen.storyboard;
			sourceTree = "<group>";
		};
/* End PBXVariantGroup section */

/* Begin XCBuildConfiguration section */
		90807D7325F116FA004D00BA /* Debug */ = {
			isa = XCBuildConfiguration;
			buildSettings = {
				ALWAYS_SEARCH_USER_PATHS = NO;
				CLANG_ANALYZER_NONNULL = YES;
				CLANG_ANALYZER_NUMBER_OBJECT_CONVERSION = YES_AGGRESSIVE;
				CLANG_CXX_LANGUAGE_STANDARD = "gnu++14";
				CLANG_CXX_LIBRARY = "libc++";
				CLANG_ENABLE_MODULES = YES;
				CLANG_ENABLE_OBJC_ARC = YES;
				CLANG_ENABLE_OBJC_WEAK = YES;
				CLANG_WARN_BLOCK_CAPTURE_AUTORELEASING = YES;
				CLANG_WARN_BOOL_CONVERSION = YES;
				CLANG_WARN_COMMA = YES;
				CLANG_WARN_CONSTANT_CONVERSION = YES;
				CLANG_WARN_DEPRECATED_OBJC_IMPLEMENTATIONS = YES;
				CLANG_WARN_DIRECT_OBJC_ISA_USAGE = YES_ERROR;
				CLANG_WARN_DOCUMENTATION_COMMENTS = YES;
				CLANG_WARN_EMPTY_BODY = YES;
				CLANG_WARN_ENUM_CONVERSION = YES;
				CLANG_WARN_INFINITE_RECURSION = YES;
				CLANG_WARN_INT_CONVERSION = YES;
				CLANG_WARN_NON_LITERAL_NULL_CONVERSION = YES;
				CLANG_WARN_OBJC_IMPLICIT_RETAIN_SELF = YES;
				CLANG_WARN_OBJC_LITERAL_CONVERSION = YES;
				CLANG_WARN_OBJC_ROOT_CLASS = YES_ERROR;
				CLANG_WARN_QUOTED_INCLUDE_IN_FRAMEWORK_HEADER = YES;
				CLANG_WARN_RANGE_LOOP_ANALYSIS = YES;
				CLANG_WARN_STRICT_PROTOTYPES = YES;
				CLANG_WARN_SUSPICIOUS_MOVE = YES;
				CLANG_WARN_UNGUARDED_AVAILABILITY = YES_AGGRESSIVE;
				CLANG_WARN_UNREACHABLE_CODE = YES;
				CLANG_WARN__DUPLICATE_METHOD_MATCH = YES;
				COPY_PHASE_STRIP = NO;
				DEBUG_INFORMATION_FORMAT = dwarf;
				ENABLE_STRICT_OBJC_MSGSEND = YES;
				ENABLE_TESTABILITY = YES;
				GCC_C_LANGUAGE_STANDARD = gnu11;
				GCC_DYNAMIC_NO_PIC = NO;
				GCC_NO_COMMON_BLOCKS = YES;
				GCC_OPTIMIZATION_LEVEL = 0;
				GCC_PREPROCESSOR_DEFINITIONS = (
					"DEBUG=1",
					"$(inherited)",
				);
				GCC_WARN_64_TO_32_BIT_CONVERSION = YES;
				GCC_WARN_ABOUT_RETURN_TYPE = YES_ERROR;
				GCC_WARN_UNDECLARED_SELECTOR = YES;
				GCC_WARN_UNINITIALIZED_AUTOS = YES_AGGRESSIVE;
				GCC_WARN_UNUSED_FUNCTION = YES;
				GCC_WARN_UNUSED_VARIABLE = YES;
				IPHONEOS_DEPLOYMENT_TARGET = 14.2;
				MTL_ENABLE_DEBUG_INFO = INCLUDE_SOURCE;
				MTL_FAST_MATH = YES;
				ONLY_ACTIVE_ARCH = YES;
				SDKROOT = iphoneos;
				SWIFT_ACTIVE_COMPILATION_CONDITIONS = DEBUG;
				SWIFT_OPTIMIZATION_LEVEL = "-Onone";
			};
			name = Debug;
		};
		90807D7425F116FA004D00BA /* Release */ = {
			isa = XCBuildConfiguration;
			buildSettings = {
				ALWAYS_SEARCH_USER_PATHS = NO;
				CLANG_ANALYZER_NONNULL = YES;
				CLANG_ANALYZER_NUMBER_OBJECT_CONVERSION = YES_AGGRESSIVE;
				CLANG_CXX_LANGUAGE_STANDARD = "gnu++14";
				CLANG_CXX_LIBRARY = "libc++";
				CLANG_ENABLE_MODULES = YES;
				CLANG_ENABLE_OBJC_ARC = YES;
				CLANG_ENABLE_OBJC_WEAK = YES;
				CLANG_WARN_BLOCK_CAPTURE_AUTORELEASING = YES;
				CLANG_WARN_BOOL_CONVERSION = YES;
				CLANG_WARN_COMMA = YES;
				CLANG_WARN_CONSTANT_CONVERSION = YES;
				CLANG_WARN_DEPRECATED_OBJC_IMPLEMENTATIONS = YES;
				CLANG_WARN_DIRECT_OBJC_ISA_USAGE = YES_ERROR;
				CLANG_WARN_DOCUMENTATION_COMMENTS = YES;
				CLANG_WARN_EMPTY_BODY = YES;
				CLANG_WARN_ENUM_CONVERSION = YES;
				CLANG_WARN_INFINITE_RECURSION = YES;
				CLANG_WARN_INT_CONVERSION = YES;
				CLANG_WARN_NON_LITERAL_NULL_CONVERSION = YES;
				CLANG_WARN_OBJC_IMPLICIT_RETAIN_SELF = YES;
				CLANG_WARN_OBJC_LITERAL_CONVERSION = YES;
				CLANG_WARN_OBJC_ROOT_CLASS = YES_ERROR;
				CLANG_WARN_QUOTED_INCLUDE_IN_FRAMEWORK_HEADER = YES;
				CLANG_WARN_RANGE_LOOP_ANALYSIS = YES;
				CLANG_WARN_STRICT_PROTOTYPES = YES;
				CLANG_WARN_SUSPICIOUS_MOVE = YES;
				CLANG_WARN_UNGUARDED_AVAILABILITY = YES_AGGRESSIVE;
				CLANG_WARN_UNREACHABLE_CODE = YES;
				CLANG_WARN__DUPLICATE_METHOD_MATCH = YES;
				COPY_PHASE_STRIP = NO;
				DEBUG_INFORMATION_FORMAT = "dwarf-with-dsym";
				ENABLE_NS_ASSERTIONS = NO;
				ENABLE_STRICT_OBJC_MSGSEND = YES;
				GCC_C_LANGUAGE_STANDARD = gnu11;
				GCC_NO_COMMON_BLOCKS = YES;
				GCC_WARN_64_TO_32_BIT_CONVERSION = YES;
				GCC_WARN_ABOUT_RETURN_TYPE = YES_ERROR;
				GCC_WARN_UNDECLARED_SELECTOR = YES;
				GCC_WARN_UNINITIALIZED_AUTOS = YES_AGGRESSIVE;
				GCC_WARN_UNUSED_FUNCTION = YES;
				GCC_WARN_UNUSED_VARIABLE = YES;
				IPHONEOS_DEPLOYMENT_TARGET = 14.2;
				MTL_ENABLE_DEBUG_INFO = NO;
				MTL_FAST_MATH = YES;
				SDKROOT = iphoneos;
				SWIFT_COMPILATION_MODE = wholemodule;
				SWIFT_OPTIMIZATION_LEVEL = "-O";
				VALIDATE_PRODUCT = YES;
			};
			name = Release;
		};
		90807D7625F116FA004D00BA /* Debug */ = {
			isa = XCBuildConfiguration;
			baseConfigurationReference = 5F638656F4AE2E44AA231066 /* Pods-Instagram.debug.xcconfig */;
			buildSettings = {
				ASSETCATALOG_COMPILER_APPICON_NAME = AppIcon;
				ASSETCATALOG_COMPILER_GLOBAL_ACCENT_COLOR_NAME = AccentColor;
				CODE_SIGN_STYLE = Automatic;
				DEVELOPMENT_TEAM = U6PAQ22R42;
				INFOPLIST_FILE = Instagram/Info.plist;
				IPHONEOS_DEPLOYMENT_TARGET = 14.4;
				LD_RUNPATH_SEARCH_PATHS = (
					"$(inherited)",
					"@executable_path/Frameworks",
				);
				PRODUCT_BUNDLE_IDENTIFIER = jp.techacademy.makoto.ono.Instagram;
				PRODUCT_NAME = "$(TARGET_NAME)";
				SWIFT_VERSION = 5.0;
				TARGETED_DEVICE_FAMILY = 1;
			};
			name = Debug;
		};
		90807D7725F116FA004D00BA /* Release */ = {
			isa = XCBuildConfiguration;
			baseConfigurationReference = 4B889918D9692ED130605910 /* Pods-Instagram.release.xcconfig */;
			buildSettings = {
				ASSETCATALOG_COMPILER_APPICON_NAME = AppIcon;
				ASSETCATALOG_COMPILER_GLOBAL_ACCENT_COLOR_NAME = AccentColor;
				CODE_SIGN_STYLE = Automatic;
				DEVELOPMENT_TEAM = U6PAQ22R42;
				INFOPLIST_FILE = Instagram/Info.plist;
				IPHONEOS_DEPLOYMENT_TARGET = 14.4;
				LD_RUNPATH_SEARCH_PATHS = (
					"$(inherited)",
					"@executable_path/Frameworks",
				);
				PRODUCT_BUNDLE_IDENTIFIER = jp.techacademy.makoto.ono.Instagram;
				PRODUCT_NAME = "$(TARGET_NAME)";
				SWIFT_VERSION = 5.0;
				TARGETED_DEVICE_FAMILY = 1;
			};
			name = Release;
		};
/* End XCBuildConfiguration section */

/* Begin XCConfigurationList section */
		90807D5C25F116F3004D00BA /* Build configuration list for PBXProject "Instagram" */ = {
			isa = XCConfigurationList;
			buildConfigurations = (
				90807D7325F116FA004D00BA /* Debug */,
				90807D7425F116FA004D00BA /* Release */,
			);
			defaultConfigurationIsVisible = 0;
			defaultConfigurationName = Release;
		};
		90807D7525F116FA004D00BA /* Build configuration list for PBXNativeTarget "Instagram" */ = {
			isa = XCConfigurationList;
			buildConfigurations = (
				90807D7625F116FA004D00BA /* Debug */,
				90807D7725F116FA004D00BA /* Release */,
			);
			defaultConfigurationIsVisible = 0;
			defaultConfigurationName = Release;
		};
/* End XCConfigurationList section */
	};
	rootObject = 90807D5925F116F3004D00BA /* Project object */;
}
